{
  "name": "@livestock/taxonomy-home",
  "version": "0.1.0",
  "lockfileVersion": 3,
  "requires": true,
  "packages": {
    "": {
      "name": "@livestock/taxonomy-home",
      "version": "0.1.0",
      "dependencies": {
        "convict": "6.2.5",
        "convict-format-with-validator": "6.2.0"
      },
      "engines": {
        "node": ">=24"
      }
    },
    "node_modules/convict": {
      "version": "6.2.5",
      "resolved": "https://registry.npmjs.org/convict/-/convict-6.2.5.tgz",
      "integrity": "sha512-JtXpxqDqJ8P0UwEHwhxLzCIXQy97vlYBZR222Sbzb1q1Erex9ASrztJ29SyhWFQjod1AeFBaPzEEC8YvtZMIYg==",
      "license": "Apache-2.0",
      "dependencies": {
        "lodash.clonedeep": "^4.5.0",
        "yargs-parser": "^20.2.7"
      },
      "engines": {
        "node": ">=6"
      }
    },
    "node_modules/convict-format-with-validator": {
      "version": "6.2.0",
      "resolved": "https://registry.npmjs.org/convict-format-with-validator/-/convict-format-with-validator-6.2.0.tgz",
      "integrity": "sha512-2LIL3yEZY27M13UHLIP4mGivusP9h2M+X4mYsRBLexwUp8+0sgVk2MgB2b2bnQwkn293lkbkxgdevzn0nZdyzQ==",
      "license": "Apache-2.0",
      "dependencies": {
        "validator": "^13.6.0"
      },
      "engines": {
        "node": ">=6"
      }
    },
    "node_modules/lodash.clonedeep": {
      "version": "4.5.0",
      "resolved": "https://registry.npmjs.org/lodash.clonedeep/-/lodash.clonedeep-4.5.0.tgz",
      "integrity": "sha512-H5ZhCF25riFd9uB5UCkVKo61m3S/xZk1x4wA6yp/L3RFP6Z/eHH1ymQcGLo7J3GMPfm0V/7m1tryHuGVxpqEBQ==",
      "license": "MIT"
    },
    "node_modules/validator": {
      "version": "13.15.35",
      "resolved": "https://registry.npmjs.org/validator/-/validator-13.15.35.tgz",
      "integrity": "sha512-TQ5pAGhd5whStmqWvYF4OjQROlmv9SMFVt37qoCBdqRffuuklWYQlCNnEs2ZaIBD1kZRNnikiZOS1eqgkar0iw==",
      "license": "MIT",
      "engines": {
        "node": ">= 0.10"
      }
    },
    "node_modules/yargs-parser": {
      "version": "20.2.9",
      "resolved": "https://registry.npmjs.org/yargs-parser/-/yargs-parser-20.2.9.tgz",
      "integrity": "sha512-y11nGElTIV+CT3Zv9t7VKl+Q3hTQoT9a1Qzezhhl6Rp21gJ/IVTW7Z3y9EWXhuUBC2Shnf+DX0antecpAwSP8w==",
      "license": "ISC",
      "engines": {
        "node": ">=10"
      }
    }
  }
}
